
Microsoft Visual Studio Solution File, Format Version 12.00
# Visual Studio Version 17
VisualStudioVersion = 17.11.35327.3
MinimumVisualStudioVersion = 10.0.40219.1
Project("{2150E333-8FDC-42A3-9474-1A3956D46DE8}") = "DataAccess", "DataAccess", "{1621C14C-46C4-4346-9C66-2826C6356F58}"
EndProject
Project("{9A19103F-16F7-4668-BE54-9A1E7A4F7556}") = "DataAccess", "DataAccess\DataAccess.csproj", "{948C2017-A41C-4DCA-AFB2-428297793D12}"
EndProject
Project("{2150E333-8FDC-42A3-9474-1A3956D46DE8}") = "APIs", "APIs", "{A2FB971F-1674-44F9-A61D-9A06C9EC4A7A}"
EndProject
Project("{9A19103F-16F7-4668-BE54-9A1E7A4F7556}") = "TicketsAPI", "TicketsAPI\TicketsAPI.csproj", "{C70F6FA6-664F-435C-8D78-DF0DA26FCF04}"
EndProject
Project("{9A19103F-16F7-4668-BE54-9A1E7A4F7556}") = "LogAPI", "LogAPI\LogAPI.csproj", "{A2A4C7CD-5C28-4331-8B53-3C539FAF5248}"
EndProject
Project("{2150E333-8FDC-42A3-9474-1A3956D46DE8}") = "Gateway", "Gateway", "{DC527E02-D60F-4F29-A240-68B8A2A8DEB3}"
EndProject
Project("{9A19103F-16F7-4668-BE54-9A1E7A4F7556}") = "MailAPI", "MailAPI\MailAPI.csproj", "{7942F601-B7FA-4BCC-A180-0E06D92909A3}"
EndProject
Project("{9A19103F-16F7-4668-BE54-9A1E7A4F7556}") = "AuthAPI", "AuthAPI\AuthAPI.csproj", "{704B6AAE-DEF6-4A2D-B7C1-9EEAB74C2305}"
EndProject
Project("{2150E333-8FDC-42A3-9474-1A3956D46DE8}") = "GlobalServices", "GlobalServices", "{ED722B4B-67DF-4555-8E8F-FBD70A07A011}"
EndProject
Project("{9A19103F-16F7-4668-BE54-9A1E7A4F7556}") = "GlobalServices", "GlobalServices\GlobalServices.csproj", "{EFD6AC3A-0733-4705-9189-F7AD7C62BB47}"
EndProject
Project("{2150E333-8FDC-42A3-9474-1A3956D46DE8}") = "Tests", "Tests", "{7EDD2BC5-4F8E-4CF7-A2EA-2C7F4FB25E9B}"
EndProject
Project("{FAE04EC0-301F-11D3-BF4B-00C04F79EFBC}") = "LogAPITests", "LogAPITests\LogAPITests.csproj", "{5E85C5A7-BDE8-4C21-8851-FE53BF1BD8E4}"
EndProject
Global
	GlobalSection(SolutionConfigurationPlatforms) = preSolution
		Debug|Any CPU = Debug|Any CPU
		Release|Any CPU = Release|Any CPU
	EndGlobalSection
	GlobalSection(ProjectConfigurationPlatforms) = postSolution
		{948C2017-A41C-4DCA-AFB2-428297793D12}.Debug|Any CPU.ActiveCfg = Debug|Any CPU
		{948C2017-A41C-4DCA-AFB2-428297793D12}.Debug|Any CPU.Build.0 = Debug|Any CPU
		{948C2017-A41C-4DCA-AFB2-428297793D12}.Release|Any CPU.ActiveCfg = Release|Any CPU
		{948C2017-A41C-4DCA-AFB2-428297793D12}.Release|Any CPU.Build.0 = Release|Any CPU
		{C70F6FA6-664F-435C-8D78-DF0DA26FCF04}.Debug|Any CPU.ActiveCfg = Debug|Any CPU
		{C70F6FA6-664F-435C-8D78-DF0DA26FCF04}.Debug|Any CPU.Build.0 = Debug|Any CPU
		{C70F6FA6-664F-435C-8D78-DF0DA26FCF04}.Release|Any CPU.ActiveCfg = Release|Any CPU
		{C70F6FA6-664F-435C-8D78-DF0DA26FCF04}.Release|Any CPU.Build.0 = Release|Any CPU
		{A2A4C7CD-5C28-4331-8B53-3C539FAF5248}.Debug|Any CPU.ActiveCfg = Debug|Any CPU
		{A2A4C7CD-5C28-4331-8B53-3C539FAF5248}.Debug|Any CPU.Build.0 = Debug|Any CPU
		{A2A4C7CD-5C28-4331-8B53-3C539FAF5248}.Release|Any CPU.ActiveCfg = Release|Any CPU
		{A2A4C7CD-5C28-4331-8B53-3C539FAF5248}.Release|Any CPU.Build.0 = Release|Any CPU
		{7942F601-B7FA-4BCC-A180-0E06D92909A3}.Debug|Any CPU.ActiveCfg = Debug|Any CPU
		{7942F601-B7FA-4BCC-A180-0E06D92909A3}.Debug|Any CPU.Build.0 = Debug|Any CPU
		{7942F601-B7FA-4BCC-A180-0E06D92909A3}.Release|Any CPU.ActiveCfg = Release|Any CPU
		{7942F601-B7FA-4BCC-A180-0E06D92909A3}.Release|Any CPU.Build.0 = Release|Any CPU
		{704B6AAE-DEF6-4A2D-B7C1-9EEAB74C2305}.Debug|Any CPU.ActiveCfg = Debug|Any CPU
		{704B6AAE-DEF6-4A2D-B7C1-9EEAB74C2305}.Debug|Any CPU.Build.0 = Debug|Any CPU
		{704B6AAE-DEF6-4A2D-B7C1-9EEAB74C2305}.Release|Any CPU.ActiveCfg = Release|Any CPU
		{704B6AAE-DEF6-4A2D-B7C1-9EEAB74C2305}.Release|Any CPU.Build.0 = Release|Any CPU
		{EFD6AC3A-0733-4705-9189-F7AD7C62BB47}.Debug|Any CPU.ActiveCfg = Debug|Any CPU
		{EFD6AC3A-0733-4705-9189-F7AD7C62BB47}.Debug|Any CPU.Build.0 = Debug|Any CPU
		{EFD6AC3A-0733-4705-9189-F7AD7C62BB47}.Release|Any CPU.ActiveCfg = Release|Any CPU
		{EFD6AC3A-0733-4705-9189-F7AD7C62BB47}.Release|Any CPU.Build.0 = Release|Any CPU
		{5E85C5A7-BDE8-4C21-8851-FE53BF1BD8E4}.Debug|Any CPU.ActiveCfg = Debug|Any CPU
		{5E85C5A7-BDE8-4C21-8851-FE53BF1BD8E4}.Debug|Any CPU.Build.0 = Debug|Any CPU
		{5E85C5A7-BDE8-4C21-8851-FE53BF1BD8E4}.Release|Any CPU.ActiveCfg = Release|Any CPU
		{5E85C5A7-BDE8-4C21-8851-FE53BF1BD8E4}.Release|Any CPU.Build.0 = Release|Any CPU
	EndGlobalSection
	GlobalSection(SolutionProperties) = preSolution
		HideSolutionNode = FALSE
	EndGlobalSection
	GlobalSection(NestedProjects) = preSolution
		{948C2017-A41C-4DCA-AFB2-428297793D12} = {1621C14C-46C4-4346-9C66-2826C6356F58}
		{C70F6FA6-664F-435C-8D78-DF0DA26FCF04} = {A2FB971F-1674-44F9-A61D-9A06C9EC4A7A}
		{A2A4C7CD-5C28-4331-8B53-3C539FAF5248} = {A2FB971F-1674-44F9-A61D-9A06C9EC4A7A}
		{7942F601-B7FA-4BCC-A180-0E06D92909A3} = {A2FB971F-1674-44F9-A61D-9A06C9EC4A7A}
		{704B6AAE-DEF6-4A2D-B7C1-9EEAB74C2305} = {A2FB971F-1674-44F9-A61D-9A06C9EC4A7A}
		{EFD6AC3A-0733-4705-9189-F7AD7C62BB47} = {ED722B4B-67DF-4555-8E8F-FBD70A07A011}
		{5E85C5A7-BDE8-4C21-8851-FE53BF1BD8E4} = {7EDD2BC5-4F8E-4CF7-A2EA-2C7F4FB25E9B}
	EndGlobalSection
	GlobalSection(ExtensibilityGlobals) = postSolution
		SolutionGuid = {7D85C706-F1C8-426C-9B00-1D20C5C1DF05}
	EndGlobalSection
EndGlobal
